
Microsoft Visual Studio Solution File, Format Version 12.00
# Visual Studio Version 17
VisualStudioVersion = 17.14.36310.24 d17.14
MinimumVisualStudioVersion = 10.0.40219.1
Project("{FAE04EC0-301F-11D3-BF4B-00C04F79EFBC}") = "SatisTakipp", "SatisTakipp\SatisTakipp.csproj", "{BE7AE09B-EC77-48E1-8C63-900577AF91FC}"
EndProject
Global
	GlobalSection(SolutionConfigurationPlatforms) = preSolution
		Debug|Any CPU = Debug|Any CPU
		Release|Any CPU = Release|Any CPU
	EndGlobalSection
	GlobalSection(ProjectConfigurationPlatforms) = postSolution
		{BE7AE09B-EC77-48E1-8C63-900577AF91FC}.Debug|Any CPU.ActiveCfg = Debug|Any CPU
		{BE7AE09B-EC77-48E1-8C63-900577AF91FC}.Debug|Any CPU.Build.0 = Debug|Any CPU
		{BE7AE09B-EC77-48E1-8C63-900577AF91FC}.Release|Any CPU.ActiveCfg = Release|Any CPU
		{BE7AE09B-EC77-48E1-8C63-900577AF91FC}.Release|Any CPU.Build.0 = Release|Any CPU
	EndGlobalSection
	GlobalSection(SolutionProperties) = preSolution
		HideSolutionNode = FALSE
	EndGlobalSection
	GlobalSection(ExtensibilityGlobals) = postSolution
		SolutionGuid = {238752ED-72A5-46B5-B96C-11EAD8BF740E}
	EndGlobalSection
EndGlobal
